
Microsoft Visual Studio Solution File, Format Version 12.00
Project("{2150E333-8FDC-42A3-9474-1A3956D46DE8}") = "Core", "Core", "{8344861B-4B03-495F-A6B5-54BF6EF37B4C}"
EndProject
Project("{FAE04EC0-301F-11D3-BF4B-00C04F79EFBC}") = "Echo.Core", "src\Core\Echo.Core\Echo.Core.csproj", "{7C8344E1-C809-412F-9284-13F98345DF27}"
EndProject
Project("{FAE04EC0-301F-11D3-BF4B-00C04F79EFBC}") = "Echo.Concrete", "src\Core\Echo.Concrete\Echo.Concrete.csproj", "{3B8FB9D7-8B39-4B0B-A05D-9C07B11466FC}"
EndProject
Project("{FAE04EC0-301F-11D3-BF4B-00C04F79EFBC}") = "Echo.DataFlow", "src\Core\Echo.DataFlow\Echo.DataFlow.csproj", "{2D940041-E424-4960-AF1D-A0ECA48DB7F4}"
EndProject
Project("{2150E333-8FDC-42A3-9474-1A3956D46DE8}") = "test", "test", "{620B6332-1C8B-4C82-BE28-5D62765C96F0}"
EndProject
Project("{2150E333-8FDC-42A3-9474-1A3956D46DE8}") = "Core", "Core", "{91D56580-50E2-49B4-A5C0-DB83C9AADF8D}"
EndProject
Project("{FAE04EC0-301F-11D3-BF4B-00C04F79EFBC}") = "Echo.Concrete.Tests", "test\Core\Echo.Concrete.Tests\Echo.Concrete.Tests.csproj", "{354DB6CF-9BC9-4982-A47D-2A4AFA8C1F32}"
EndProject
Project("{FAE04EC0-301F-11D3-BF4B-00C04F79EFBC}") = "Echo.DataFlow.Tests", "test\Core\Echo.DataFlow.Tests\Echo.DataFlow.Tests.csproj", "{ED03B0AB-D8D8-45E3-9E37-7D54E6230CD6}"
EndProject
Project("{FAE04EC0-301F-11D3-BF4B-00C04F79EFBC}") = "Echo.Core.Tests", "test\Core\Echo.Core.Tests\Echo.Core.Tests.csproj", "{EE4BFF69-AD48-4690-8F74-9A01901E352D}"
EndProject
Project("{2150E333-8FDC-42A3-9474-1A3956D46DE8}") = "Platforms", "Platforms", "{895F6ABB-3011-4F65-A814-046B5C1B2DD0}"
EndProject
Project("{FAE04EC0-301F-11D3-BF4B-00C04F79EFBC}") = "Echo.Platforms.DummyPlatform", "test\Platforms\Echo.Platforms.DummyPlatform\Echo.Platforms.DummyPlatform.csproj", "{5C92C152-5442-4C5D-A5B2-97E36F439D29}"
EndProject
Project("{FAE04EC0-301F-11D3-BF4B-00C04F79EFBC}") = "Echo.ControlFlow", "src\Core\Echo.ControlFlow\Echo.ControlFlow.csproj", "{3262F23D-360A-4B8D-AF1D-300ECBE8552A}"
EndProject
Project("{FAE04EC0-301F-11D3-BF4B-00C04F79EFBC}") = "Echo.ControlFlow.Tests", "test\Core\Echo.ControlFlow.Tests\Echo.ControlFlow.Tests.csproj", "{F52C85BF-C329-4DF7-A8D8-E9A7E1925D1C}"
EndProject
Project("{2150E333-8FDC-42A3-9474-1A3956D46DE8}") = "src", "src", "{7B5309CC-0188-475C-9449-074CAA925A4B}"
EndProject
Project("{2150E333-8FDC-42A3-9474-1A3956D46DE8}") = "deps", "deps", "{F3162144-2D6C-4FD9-B8BB-DCCD49C87989}"
EndProject
Project("{2150E333-8FDC-42A3-9474-1A3956D46DE8}") = "Platforms", "Platforms", "{EA562E5E-02F2-42B8-9774-0EB6D2C7E2BE}"
EndProject
Project("{FAE04EC0-301F-11D3-BF4B-00C04F79EFBC}") = "Echo.Platforms.AsmResolver", "src\Platforms\Echo.Platforms.AsmResolver\Echo.Platforms.AsmResolver.csproj", "{5D96542A-444E-4F49-A790-8754BEA122E0}"
EndProject
Project("{FAE04EC0-301F-11D3-BF4B-00C04F79EFBC}") = "Echo.Ast", "src\Core\Echo.Ast\Echo.Ast.csproj", "{9AF949E7-3C17-4DC3-ABB3-A25BE986EB31}"
EndProject
Project("{FAE04EC0-301F-11D3-BF4B-00C04F79EFBC}") = "Echo.Platforms.AsmResolver.Tests", "test\Platforms\Echo.Platforms.AsmResolver.Tests\Echo.Platforms.AsmResolver.Tests.csproj", "{A7CE0238-23EF-4432-9FC6-85D050BB7C85}"
EndProject
Project("{FAE04EC0-301F-11D3-BF4B-00C04F79EFBC}") = "Echo.Platforms.Iced", "src\Platforms\Echo.Platforms.Iced\Echo.Platforms.Iced.csproj", "{2FB04FC7-1399-448D-A975-8B19CB3C1AE2}"
EndProject
Project("{FAE04EC0-301F-11D3-BF4B-00C04F79EFBC}") = "Echo.Platforms.Iced.Tests", "test\Platforms\Echo.Platforms.Iced.Tests\Echo.Platforms.Iced.Tests.csproj", "{EA3CB29F-0715-44B3-B016-921523B2E0A0}"
EndProject
Project("{FAE04EC0-301F-11D3-BF4B-00C04F79EFBC}") = "Echo.Platforms.Dnlib", "src\Platforms\Echo.Platforms.Dnlib\Echo.Platforms.Dnlib.csproj", "{DDB4909A-D717-486C-AB87-6E0331E455C5}"
EndProject
Project("{FAE04EC0-301F-11D3-BF4B-00C04F79EFBC}") = "Echo.Platforms.Dnlib.Tests", "test\Platforms\Echo.Platforms.Dnlib.Tests\Echo.Platforms.Dnlib.Tests.csproj", "{CE527A7F-3D42-48B3-A9DB-24ED24C8F134}"
EndProject
Project("{FAE04EC0-301F-11D3-BF4B-00C04F79EFBC}") = "Echo.Ast.Tests", "test\Core\Echo.Ast.Tests\Echo.Ast.Tests.csproj", "{C514B504-1694-4F5E-9721-DB85C15AE474}"
EndProject
Project("{FAE04EC0-301F-11D3-BF4B-00C04F79EFBC}") = "Mocks", "test\Platforms\Mocks\Mocks.csproj", "{8CF58E4A-D381-4FFD-B6CA-85C346BD9AA8}"
EndProject
Global
	GlobalSection(SolutionConfigurationPlatforms) = preSolution
		Debug|Any CPU = Debug|Any CPU
		Release|Any CPU = Release|Any CPU
	EndGlobalSection
	GlobalSection(ProjectConfigurationPlatforms) = postSolution
		{7C8344E1-C809-412F-9284-13F98345DF27}.Debug|Any CPU.ActiveCfg = Debug|Any CPU
		{7C8344E1-C809-412F-9284-13F98345DF27}.Debug|Any CPU.Build.0 = Debug|Any CPU
		{7C8344E1-C809-412F-9284-13F98345DF27}.Release|Any CPU.ActiveCfg = Release|Any CPU
		{7C8344E1-C809-412F-9284-13F98345DF27}.Release|Any CPU.Build.0 = Release|Any CPU
		{3B8FB9D7-8B39-4B0B-A05D-9C07B11466FC}.Debug|Any CPU.ActiveCfg = Debug|Any CPU
		{3B8FB9D7-8B39-4B0B-A05D-9C07B11466FC}.Debug|Any CPU.Build.0 = Debug|Any CPU
		{3B8FB9D7-8B39-4B0B-A05D-9C07B11466FC}.Release|Any CPU.ActiveCfg = Release|Any CPU
		{3B8FB9D7-8B39-4B0B-A05D-9C07B11466FC}.Release|Any CPU.Build.0 = Release|Any CPU
		{2D940041-E424-4960-AF1D-A0ECA48DB7F4}.Debug|Any CPU.ActiveCfg = Debug|Any CPU
		{2D940041-E424-4960-AF1D-A0ECA48DB7F4}.Debug|Any CPU.Build.0 = Debug|Any CPU
		{2D940041-E424-4960-AF1D-A0ECA48DB7F4}.Release|Any CPU.ActiveCfg = Release|Any CPU
		{2D940041-E424-4960-AF1D-A0ECA48DB7F4}.Release|Any CPU.Build.0 = Release|Any CPU
		{354DB6CF-9BC9-4982-A47D-2A4AFA8C1F32}.Debug|Any CPU.ActiveCfg = Debug|Any CPU
		{354DB6CF-9BC9-4982-A47D-2A4AFA8C1F32}.Debug|Any CPU.Build.0 = Debug|Any CPU
		{354DB6CF-9BC9-4982-A47D-2A4AFA8C1F32}.Release|Any CPU.ActiveCfg = Release|Any CPU
		{354DB6CF-9BC9-4982-A47D-2A4AFA8C1F32}.Release|Any CPU.Build.0 = Release|Any CPU
		{ED03B0AB-D8D8-45E3-9E37-7D54E6230CD6}.Debug|Any CPU.ActiveCfg = Debug|Any CPU
		{ED03B0AB-D8D8-45E3-9E37-7D54E6230CD6}.Debug|Any CPU.Build.0 = Debug|Any CPU
		{ED03B0AB-D8D8-45E3-9E37-7D54E6230CD6}.Release|Any CPU.ActiveCfg = Release|Any CPU
		{ED03B0AB-D8D8-45E3-9E37-7D54E6230CD6}.Release|Any CPU.Build.0 = Release|Any CPU
		{EE4BFF69-AD48-4690-8F74-9A01901E352D}.Debug|Any CPU.ActiveCfg = Debug|Any CPU
		{EE4BFF69-AD48-4690-8F74-9A01901E352D}.Debug|Any CPU.Build.0 = Debug|Any CPU
		{EE4BFF69-AD48-4690-8F74-9A01901E352D}.Release|Any CPU.ActiveCfg = Release|Any CPU
		{EE4BFF69-AD48-4690-8F74-9A01901E352D}.Release|Any CPU.Build.0 = Release|Any CPU
		{5C92C152-5442-4C5D-A5B2-97E36F439D29}.Debug|Any CPU.ActiveCfg = Debug|Any CPU
		{5C92C152-5442-4C5D-A5B2-97E36F439D29}.Debug|Any CPU.Build.0 = Debug|Any CPU
		{5C92C152-5442-4C5D-A5B2-97E36F439D29}.Release|Any CPU.ActiveCfg = Release|Any CPU
		{5C92C152-5442-4C5D-A5B2-97E36F439D29}.Release|Any CPU.Build.0 = Release|Any CPU
		{3262F23D-360A-4B8D-AF1D-300ECBE8552A}.Debug|Any CPU.ActiveCfg = Debug|Any CPU
		{3262F23D-360A-4B8D-AF1D-300ECBE8552A}.Debug|Any CPU.Build.0 = Debug|Any CPU
		{3262F23D-360A-4B8D-AF1D-300ECBE8552A}.Release|Any CPU.ActiveCfg = Release|Any CPU
		{3262F23D-360A-4B8D-AF1D-300ECBE8552A}.Release|Any CPU.Build.0 = Release|Any CPU
		{F52C85BF-C329-4DF7-A8D8-E9A7E1925D1C}.Debug|Any CPU.ActiveCfg = Debug|Any CPU
		{F52C85BF-C329-4DF7-A8D8-E9A7E1925D1C}.Debug|Any CPU.Build.0 = Debug|Any CPU
		{F52C85BF-C329-4DF7-A8D8-E9A7E1925D1C}.Release|Any CPU.ActiveCfg = Release|Any CPU
		{F52C85BF-C329-4DF7-A8D8-E9A7E1925D1C}.Release|Any CPU.Build.0 = Release|Any CPU
		{5D96542A-444E-4F49-A790-8754BEA122E0}.Debug|Any CPU.ActiveCfg = Debug|Any CPU
		{5D96542A-444E-4F49-A790-8754BEA122E0}.Debug|Any CPU.Build.0 = Debug|Any CPU
		{5D96542A-444E-4F49-A790-8754BEA122E0}.Release|Any CPU.ActiveCfg = Release|Any CPU
		{5D96542A-444E-4F49-A790-8754BEA122E0}.Release|Any CPU.Build.0 = Release|Any CPU
		{A7CE0238-23EF-4432-9FC6-85D050BB7C85}.Debug|Any CPU.ActiveCfg = Debug|Any CPU
		{A7CE0238-23EF-4432-9FC6-85D050BB7C85}.Debug|Any CPU.Build.0 = Debug|Any CPU
		{A7CE0238-23EF-4432-9FC6-85D050BB7C85}.Release|Any CPU.ActiveCfg = Release|Any CPU
		{A7CE0238-23EF-4432-9FC6-85D050BB7C85}.Release|Any CPU.Build.0 = Release|Any CPU
		{2FB04FC7-1399-448D-A975-8B19CB3C1AE2}.Debug|Any CPU.ActiveCfg = Debug|Any CPU
		{2FB04FC7-1399-448D-A975-8B19CB3C1AE2}.Debug|Any CPU.Build.0 = Debug|Any CPU
		{2FB04FC7-1399-448D-A975-8B19CB3C1AE2}.Release|Any CPU.ActiveCfg = Release|Any CPU
		{2FB04FC7-1399-448D-A975-8B19CB3C1AE2}.Release|Any CPU.Build.0 = Release|Any CPU
		{EA3CB29F-0715-44B3-B016-921523B2E0A0}.Debug|Any CPU.ActiveCfg = Debug|Any CPU
		{EA3CB29F-0715-44B3-B016-921523B2E0A0}.Debug|Any CPU.Build.0 = Debug|Any CPU
		{EA3CB29F-0715-44B3-B016-921523B2E0A0}.Release|Any CPU.ActiveCfg = Release|Any CPU
		{EA3CB29F-0715-44B3-B016-921523B2E0A0}.Release|Any CPU.Build.0 = Release|Any CPU
		{DDB4909A-D717-486C-AB87-6E0331E455C5}.Debug|Any CPU.ActiveCfg = Debug|Any CPU
		{DDB4909A-D717-486C-AB87-6E0331E455C5}.Debug|Any CPU.Build.0 = Debug|Any CPU
		{DDB4909A-D717-486C-AB87-6E0331E455C5}.Release|Any CPU.ActiveCfg = Release|Any CPU
		{DDB4909A-D717-486C-AB87-6E0331E455C5}.Release|Any CPU.Build.0 = Release|Any CPU
		{CE527A7F-3D42-48B3-A9DB-24ED24C8F134}.Debug|Any CPU.ActiveCfg = Debug|Any CPU
		{CE527A7F-3D42-48B3-A9DB-24ED24C8F134}.Debug|Any CPU.Build.0 = Debug|Any CPU
		{CE527A7F-3D42-48B3-A9DB-24ED24C8F134}.Release|Any CPU.ActiveCfg = Release|Any CPU
		{CE527A7F-3D42-48B3-A9DB-24ED24C8F134}.Release|Any CPU.Build.0 = Release|Any CPU
		{9AF949E7-3C17-4DC3-ABB3-A25BE986EB31}.Debug|Any CPU.ActiveCfg = Debug|Any CPU
		{9AF949E7-3C17-4DC3-ABB3-A25BE986EB31}.Debug|Any CPU.Build.0 = Debug|Any CPU
		{9AF949E7-3C17-4DC3-ABB3-A25BE986EB31}.Release|Any CPU.ActiveCfg = Release|Any CPU
		{9AF949E7-3C17-4DC3-ABB3-A25BE986EB31}.Release|Any CPU.Build.0 = Release|Any CPU
		{C514B504-1694-4F5E-9721-DB85C15AE474}.Debug|Any CPU.ActiveCfg = Debug|Any CPU
		{C514B504-1694-4F5E-9721-DB85C15AE474}.Debug|Any CPU.Build.0 = Debug|Any CPU
		{C514B504-1694-4F5E-9721-DB85C15AE474}.Release|Any CPU.ActiveCfg = Release|Any CPU
		{C514B504-1694-4F5E-9721-DB85C15AE474}.Release|Any CPU.Build.0 = Release|Any CPU
		{8CF58E4A-D381-4FFD-B6CA-85C346BD9AA8}.Debug|Any CPU.ActiveCfg = Debug|Any CPU
		{8CF58E4A-D381-4FFD-B6CA-85C346BD9AA8}.Debug|Any CPU.Build.0 = Debug|Any CPU
		{8CF58E4A-D381-4FFD-B6CA-85C346BD9AA8}.Release|Any CPU.ActiveCfg = Release|Any CPU
		{8CF58E4A-D381-4FFD-B6CA-85C346BD9AA8}.Release|Any CPU.Build.0 = Release|Any CPU
	EndGlobalSection
	GlobalSection(NestedProjects) = preSolution
		{7C8344E1-C809-412F-9284-13F98345DF27} = {8344861B-4B03-495F-A6B5-54BF6EF37B4C}
		{3B8FB9D7-8B39-4B0B-A05D-9C07B11466FC} = {8344861B-4B03-495F-A6B5-54BF6EF37B4C}
		{2D940041-E424-4960-AF1D-A0ECA48DB7F4} = {8344861B-4B03-495F-A6B5-54BF6EF37B4C}
		{91D56580-50E2-49B4-A5C0-DB83C9AADF8D} = {620B6332-1C8B-4C82-BE28-5D62765C96F0}
		{354DB6CF-9BC9-4982-A47D-2A4AFA8C1F32} = {91D56580-50E2-49B4-A5C0-DB83C9AADF8D}
		{ED03B0AB-D8D8-45E3-9E37-7D54E6230CD6} = {91D56580-50E2-49B4-A5C0-DB83C9AADF8D}
		{EE4BFF69-AD48-4690-8F74-9A01901E352D} = {91D56580-50E2-49B4-A5C0-DB83C9AADF8D}
		{895F6ABB-3011-4F65-A814-046B5C1B2DD0} = {620B6332-1C8B-4C82-BE28-5D62765C96F0}
		{5C92C152-5442-4C5D-A5B2-97E36F439D29} = {895F6ABB-3011-4F65-A814-046B5C1B2DD0}
		{3262F23D-360A-4B8D-AF1D-300ECBE8552A} = {8344861B-4B03-495F-A6B5-54BF6EF37B4C}
		{F52C85BF-C329-4DF7-A8D8-E9A7E1925D1C} = {91D56580-50E2-49B4-A5C0-DB83C9AADF8D}
		{8344861B-4B03-495F-A6B5-54BF6EF37B4C} = {7B5309CC-0188-475C-9449-074CAA925A4B}
		{EA562E5E-02F2-42B8-9774-0EB6D2C7E2BE} = {7B5309CC-0188-475C-9449-074CAA925A4B}
		{5D96542A-444E-4F49-A790-8754BEA122E0} = {EA562E5E-02F2-42B8-9774-0EB6D2C7E2BE}
		{A7CE0238-23EF-4432-9FC6-85D050BB7C85} = {895F6ABB-3011-4F65-A814-046B5C1B2DD0}
		{2FB04FC7-1399-448D-A975-8B19CB3C1AE2} = {EA562E5E-02F2-42B8-9774-0EB6D2C7E2BE}
		{EA3CB29F-0715-44B3-B016-921523B2E0A0} = {895F6ABB-3011-4F65-A814-046B5C1B2DD0}
		{DDB4909A-D717-486C-AB87-6E0331E455C5} = {EA562E5E-02F2-42B8-9774-0EB6D2C7E2BE}
		{CE527A7F-3D42-48B3-A9DB-24ED24C8F134} = {895F6ABB-3011-4F65-A814-046B5C1B2DD0}
		{9AF949E7-3C17-4DC3-ABB3-A25BE986EB31} = {8344861B-4B03-495F-A6B5-54BF6EF37B4C}
		{C514B504-1694-4F5E-9721-DB85C15AE474} = {91D56580-50E2-49B4-A5C0-DB83C9AADF8D}
		{8CF58E4A-D381-4FFD-B6CA-85C346BD9AA8} = {895F6ABB-3011-4F65-A814-046B5C1B2DD0}
	EndGlobalSection
EndGlobal
