
Microsoft Visual Studio Solution File, Format Version 12.00
Project("{2150E333-8FDC-42A3-9474-1A3956D46DE8}") = "Core", "Core", "{8344861B-4B03-495F-A6B5-54BF6EF37B4C}"
EndProject
Project("{FAE04EC0-301F-11D3-BF4B-00C04F79EFBC}") = "Echo.Core", "src\Core\Echo.Core\Echo.Core.csproj", "{7C8344E1-C809-412F-9284-13F98345DF27}"
EndProject
Project("{FAE04EC0-301F-11D3-BF4B-00C04F79EFBC}") = "Echo.Concrete", "src\Core\Echo.Concrete\Echo.Concrete.csproj", "{3B8FB9D7-8B39-4B0B-A05D-9C07B11466FC}"
EndProject
Project("{FAE04EC0-301F-11D3-BF4B-00C04F79EFBC}") = "Echo.Symbolic", "src\Core\Echo.Symbolic\Echo.Symbolic.csproj", "{2D940041-E424-4960-AF1D-A0ECA48DB7F4}"
EndProject
Project("{2150E333-8FDC-42A3-9474-1A3956D46DE8}") = "test", "test", "{620B6332-1C8B-4C82-BE28-5D62765C96F0}"
EndProject
Project("{2150E333-8FDC-42A3-9474-1A3956D46DE8}") = "Core", "Core", "{91D56580-50E2-49B4-A5C0-DB83C9AADF8D}"
EndProject
Project("{FAE04EC0-301F-11D3-BF4B-00C04F79EFBC}") = "Echo.Concrete.Tests", "test\Core\Echo.Concrete.Tests\Echo.Concrete.Tests.csproj", "{354DB6CF-9BC9-4982-A47D-2A4AFA8C1F32}"
EndProject
Project("{FAE04EC0-301F-11D3-BF4B-00C04F79EFBC}") = "Echo.Symbolic.Tests", "test\Core\Echo.Symbolic.Tests\Echo.Symbolic.Tests.csproj", "{ED03B0AB-D8D8-45E3-9E37-7D54E6230CD6}"
EndProject
Project("{FAE04EC0-301F-11D3-BF4B-00C04F79EFBC}") = "Echo.Core.Tests", "test\Core\Echo.Core.Tests\Echo.Core.Tests.csproj", "{EE4BFF69-AD48-4690-8F74-9A01901E352D}"
EndProject
Project("{2150E333-8FDC-42A3-9474-1A3956D46DE8}") = "Platforms", "Platforms", "{895F6ABB-3011-4F65-A814-046B5C1B2DD0}"
EndProject
Project("{FAE04EC0-301F-11D3-BF4B-00C04F79EFBC}") = "Echo.Platforms.DummyPlatform", "test\Platforms\Echo.Platforms.DummyPlatform\Echo.Platforms.DummyPlatform.csproj", "{5C92C152-5442-4C5D-A5B2-97E36F439D29}"
EndProject
Project("{FAE04EC0-301F-11D3-BF4B-00C04F79EFBC}") = "Echo.ControlFlow", "src\Core\Echo.ControlFlow\Echo.ControlFlow.csproj", "{3262F23D-360A-4B8D-AF1D-300ECBE8552A}"
EndProject
Project("{FAE04EC0-301F-11D3-BF4B-00C04F79EFBC}") = "Echo.ControlFlow.Tests", "test\Core\Echo.ControlFlow.Tests\Echo.ControlFlow.Tests.csproj", "{F52C85BF-C329-4DF7-A8D8-E9A7E1925D1C}"
EndProject
Project("{2150E333-8FDC-42A3-9474-1A3956D46DE8}") = "src", "src", "{7B5309CC-0188-475C-9449-074CAA925A4B}"
EndProject
Global
	GlobalSection(SolutionConfigurationPlatforms) = preSolution
		Debug|Any CPU = Debug|Any CPU
		Release|Any CPU = Release|Any CPU
	EndGlobalSection
	GlobalSection(ProjectConfigurationPlatforms) = postSolution
		{7C8344E1-C809-412F-9284-13F98345DF27}.Debug|Any CPU.ActiveCfg = Debug|Any CPU
		{7C8344E1-C809-412F-9284-13F98345DF27}.Debug|Any CPU.Build.0 = Debug|Any CPU
		{7C8344E1-C809-412F-9284-13F98345DF27}.Release|Any CPU.ActiveCfg = Release|Any CPU
		{7C8344E1-C809-412F-9284-13F98345DF27}.Release|Any CPU.Build.0 = Release|Any CPU
		{3B8FB9D7-8B39-4B0B-A05D-9C07B11466FC}.Debug|Any CPU.ActiveCfg = Debug|Any CPU
		{3B8FB9D7-8B39-4B0B-A05D-9C07B11466FC}.Debug|Any CPU.Build.0 = Debug|Any CPU
		{3B8FB9D7-8B39-4B0B-A05D-9C07B11466FC}.Release|Any CPU.ActiveCfg = Release|Any CPU
		{3B8FB9D7-8B39-4B0B-A05D-9C07B11466FC}.Release|Any CPU.Build.0 = Release|Any CPU
		{2D940041-E424-4960-AF1D-A0ECA48DB7F4}.Debug|Any CPU.ActiveCfg = Debug|Any CPU
		{2D940041-E424-4960-AF1D-A0ECA48DB7F4}.Debug|Any CPU.Build.0 = Debug|Any CPU
		{2D940041-E424-4960-AF1D-A0ECA48DB7F4}.Release|Any CPU.ActiveCfg = Release|Any CPU
		{2D940041-E424-4960-AF1D-A0ECA48DB7F4}.Release|Any CPU.Build.0 = Release|Any CPU
		{354DB6CF-9BC9-4982-A47D-2A4AFA8C1F32}.Debug|Any CPU.ActiveCfg = Debug|Any CPU
		{354DB6CF-9BC9-4982-A47D-2A4AFA8C1F32}.Debug|Any CPU.Build.0 = Debug|Any CPU
		{354DB6CF-9BC9-4982-A47D-2A4AFA8C1F32}.Release|Any CPU.ActiveCfg = Release|Any CPU
		{354DB6CF-9BC9-4982-A47D-2A4AFA8C1F32}.Release|Any CPU.Build.0 = Release|Any CPU
		{ED03B0AB-D8D8-45E3-9E37-7D54E6230CD6}.Debug|Any CPU.ActiveCfg = Debug|Any CPU
		{ED03B0AB-D8D8-45E3-9E37-7D54E6230CD6}.Debug|Any CPU.Build.0 = Debug|Any CPU
		{ED03B0AB-D8D8-45E3-9E37-7D54E6230CD6}.Release|Any CPU.ActiveCfg = Release|Any CPU
		{ED03B0AB-D8D8-45E3-9E37-7D54E6230CD6}.Release|Any CPU.Build.0 = Release|Any CPU
		{EE4BFF69-AD48-4690-8F74-9A01901E352D}.Debug|Any CPU.ActiveCfg = Debug|Any CPU
		{EE4BFF69-AD48-4690-8F74-9A01901E352D}.Debug|Any CPU.Build.0 = Debug|Any CPU
		{EE4BFF69-AD48-4690-8F74-9A01901E352D}.Release|Any CPU.ActiveCfg = Release|Any CPU
		{EE4BFF69-AD48-4690-8F74-9A01901E352D}.Release|Any CPU.Build.0 = Release|Any CPU
		{5C92C152-5442-4C5D-A5B2-97E36F439D29}.Debug|Any CPU.ActiveCfg = Debug|Any CPU
		{5C92C152-5442-4C5D-A5B2-97E36F439D29}.Debug|Any CPU.Build.0 = Debug|Any CPU
		{5C92C152-5442-4C5D-A5B2-97E36F439D29}.Release|Any CPU.ActiveCfg = Release|Any CPU
		{5C92C152-5442-4C5D-A5B2-97E36F439D29}.Release|Any CPU.Build.0 = Release|Any CPU
		{3262F23D-360A-4B8D-AF1D-300ECBE8552A}.Debug|Any CPU.ActiveCfg = Debug|Any CPU
		{3262F23D-360A-4B8D-AF1D-300ECBE8552A}.Debug|Any CPU.Build.0 = Debug|Any CPU
		{3262F23D-360A-4B8D-AF1D-300ECBE8552A}.Release|Any CPU.ActiveCfg = Release|Any CPU
		{3262F23D-360A-4B8D-AF1D-300ECBE8552A}.Release|Any CPU.Build.0 = Release|Any CPU
		{F52C85BF-C329-4DF7-A8D8-E9A7E1925D1C}.Debug|Any CPU.ActiveCfg = Debug|Any CPU
		{F52C85BF-C329-4DF7-A8D8-E9A7E1925D1C}.Debug|Any CPU.Build.0 = Debug|Any CPU
		{F52C85BF-C329-4DF7-A8D8-E9A7E1925D1C}.Release|Any CPU.ActiveCfg = Release|Any CPU
		{F52C85BF-C329-4DF7-A8D8-E9A7E1925D1C}.Release|Any CPU.Build.0 = Release|Any CPU
	EndGlobalSection
	GlobalSection(NestedProjects) = preSolution
		{7C8344E1-C809-412F-9284-13F98345DF27} = {8344861B-4B03-495F-A6B5-54BF6EF37B4C}
		{3B8FB9D7-8B39-4B0B-A05D-9C07B11466FC} = {8344861B-4B03-495F-A6B5-54BF6EF37B4C}
		{2D940041-E424-4960-AF1D-A0ECA48DB7F4} = {8344861B-4B03-495F-A6B5-54BF6EF37B4C}
		{91D56580-50E2-49B4-A5C0-DB83C9AADF8D} = {620B6332-1C8B-4C82-BE28-5D62765C96F0}
		{354DB6CF-9BC9-4982-A47D-2A4AFA8C1F32} = {91D56580-50E2-49B4-A5C0-DB83C9AADF8D}
		{ED03B0AB-D8D8-45E3-9E37-7D54E6230CD6} = {91D56580-50E2-49B4-A5C0-DB83C9AADF8D}
		{EE4BFF69-AD48-4690-8F74-9A01901E352D} = {91D56580-50E2-49B4-A5C0-DB83C9AADF8D}
		{895F6ABB-3011-4F65-A814-046B5C1B2DD0} = {620B6332-1C8B-4C82-BE28-5D62765C96F0}
		{5C92C152-5442-4C5D-A5B2-97E36F439D29} = {895F6ABB-3011-4F65-A814-046B5C1B2DD0}
		{3262F23D-360A-4B8D-AF1D-300ECBE8552A} = {8344861B-4B03-495F-A6B5-54BF6EF37B4C}
		{F52C85BF-C329-4DF7-A8D8-E9A7E1925D1C} = {91D56580-50E2-49B4-A5C0-DB83C9AADF8D}
		{8344861B-4B03-495F-A6B5-54BF6EF37B4C} = {7B5309CC-0188-475C-9449-074CAA925A4B}
	EndGlobalSection
EndGlobal
